
Microsoft Visual Studio Solution File, Format Version 12.00
# Visual Studio Version 17
VisualStudioVersion = 17.0.32014.148
MinimumVisualStudioVersion = 10.0.40219.1
Project("{FAE04EC0-301F-11D3-BF4B-00C04F79EFBC}") = "GroupedTabControl", "GroupedTabControl\GroupedTabControl.csproj", "{CF1B29C0-0724-4958-AF39-C01316ABDDF0}"
EndProject
Global
	GlobalSection(SolutionConfigurationPlatforms) = preSolution
		Debug|Any CPU = Debug|Any CPU
		Release|Any CPU = Release|Any CPU
	EndGlobalSection
	GlobalSection(ProjectConfigurationPlatforms) = postSolution
		{CF1B29C0-0724-4958-AF39-C01316ABDDF0}.Debug|Any CPU.ActiveCfg = Debug|Any CPU
		{CF1B29C0-0724-4958-AF39-C01316ABDDF0}.Debug|Any CPU.Build.0 = Debug|Any CPU
		{CF1B29C0-0724-4958-AF39-C01316ABDDF0}.Release|Any CPU.ActiveCfg = Release|Any CPU
		{CF1B29C0-0724-4958-AF39-C01316ABDDF0}.Release|Any CPU.Build.0 = Release|Any CPU
	EndGlobalSection
	GlobalSection(SolutionProperties) = preSolution
		HideSolutionNode = FALSE
	EndGlobalSection
	GlobalSection(ExtensibilityGlobals) = postSolution
		SolutionGuid = {F9256639-5AA0-4C1D-B203-5B4544B72AF8}
	EndGlobalSection
EndGlobal
